schema_version: 2
updated_at: "2026-08-24"
phase: "POST_R0_P2_GLOBAL_FINANCE_TERMINAL"
clone_policy: "depth=1, filter=blob:none, official repository only"
projects:
  TrendRadar:
    repository: "https://github.com/sansan0/TrendRadar.git"
    default_branch: "master"
    commit: "8ee26026ba6c11dec41a95fb3895a7162876caa1"
    primary_language: "Python"
    source_version: "6.10.0"
    activity_evidence: "OFFICIAL_API_PUSHED_2026-07-17"
    windows_guidance: "SOURCE_VERIFIED_BATCH_AND_PYTHON_RUNBOOK"
    license: "GPL-3.0_SOURCE_VERIFIED"
    clone_mode: "OFFICIAL_SHALLOW_CLONE_DEPTH_1_FILTER_BLOB_NONE"
    clone_path: "upstream/TrendRadar"
    download_date: "2026-08-23"
    snapshot_path: "upstream/TrendRadar-snapshot"
    archive_sha256: "0ADD46EBDB71A0586687DFCE4C09E5172FE2D09A11ED917C11E6CA39815FF6CF"
    analysis_status: "DONE_STATIC"
    runtime_status: "RUNTIME_VERIFIED_WITH_DEFECTS"
  RSSHub:
    repository: "https://github.com/DIYgod/RSSHub.git"
    default_branch: "master"
    commit: "5151c3233bc7bacfaecc6e4f01aba2b60022d683"
    primary_language: "TypeScript"
    source_version: "1.0.0_WORKSPACE_VERSION_NOT_RELEASE_TAG"
    activity_evidence: "OFFICIAL_API_PUSHED_2026-08-23"
    windows_guidance: "NODE_SOURCE_SUPPORTED_NO_DEDICATED_WINDOWS_GUIDE"
    license: "AGPL-3.0_SOURCE_VERIFIED"
    clone_mode: "OFFICIAL_SHALLOW_CLONE_DEPTH_1_FILTER_BLOB_NONE"
    clone_path: "upstream/RSSHub"
    download_date: "2026-08-23"
    snapshot_path: "upstream/RSSHub-snapshot"
    archive_sha256: "B6A16A9A5D7C5686F83A667A43BBCE0611770DAFBA4219792BC49F86E36E1634"
    analysis_status: "DONE_STATIC"
    runtime_status: "NOT_ATTEMPTED_DEPENDENCY_INSTALL_REQUIRES_APPROVAL"
  changedetection:
    repository: "https://github.com/dgtlmoon/changedetection.io.git"
    default_branch: "master"
    commit: "fce24780e74199bf34c62a0d90188cc2fc12f061"
    primary_language: "Python"
    source_version: "0.55.8"
    activity_evidence: "OFFICIAL_API_PUSHED_2026-08-21"
    windows_guidance: "SOURCE_VERIFIED_DIRECT_PYTHON_DATA_PATH_SUPPORT"
    license: "Apache-2.0_SOURCE_VERIFIED_WITH_COMMERCIAL_HOSTING_DOCUMENT_CONFLICT_REQUIRING_CLARIFICATION"
    clone_mode: "OFFICIAL_SHALLOW_CLONE_DEPTH_1_FILTER_BLOB_NONE"
    clone_path: "upstream/changedetection"
    download_date: "2026-08-23"
    snapshot_path: "upstream/changedetection-snapshot"
    archive_sha256: "46FBD0930C8A44578C5BCBC53E9B360723669A697156BBEEA0D9931FE3955802"
    analysis_status: "DONE_STATIC"
    runtime_status: "NOT_ATTEMPTED_DEPENDENCY_INSTALL_REQUIRES_APPROVAL"
  OpenBB:
    repository: "https://github.com/OpenBB-finance/OpenBB.git"
    default_branch: "develop"
    commit: "3e071fcc2cd9f891cac6040ae60296dba76dab46"
    primary_language: "Python"
    source_version: "4.7.3"
    activity_evidence: "OFFICIAL_API_PUSHED_2026-07-30"
    windows_guidance: "SOURCE_VERIFIED_PYTHON_AND_TAURI_NSIS_PATHS"
    license: "AGPL-3.0_SOURCE_VERIFIED"
    clone_mode: "OFFICIAL_SHALLOW_CLONE_DEPTH_1_FILTER_BLOB_NONE"
    clone_path: "upstream/OpenBB"
    download_date: "2026-08-23"
    snapshot_path: "upstream/OpenBB-snapshot"
    archive_sha256: "36D66023F391B42031EFFAA853D6FD58855DF71D98A1BEFCCDAFAD0C6FC5ECF4"
    analysis_status: "DONE_STATIC"
    runtime_status: "NOT_ATTEMPTED_MINIMAL_PROVIDER_INSTALL_REQUIRES_APPROVAL"
  Folo:
    repository: "https://github.com/RSSNext/Folo.git"
    default_branch: "dev"
    commit: "7c220c69a841defbfeeb00a86ed75ad482b22a57"
    primary_language: "TypeScript"
    source_version: "DESKTOP_1.12.0"
    activity_evidence: "OFFICIAL_API_PUSHED_2026-08-17"
    windows_guidance: "SOURCE_VERIFIED_ELECTRON_SQUIRREL_APPX_BUILD_PATHS"
    license: "AGPL-3.0_SOURCE_VERIFIED_WITH_ICONS_MGC_REDISTRIBUTION_PROHIBITED"
    clone_mode: "OFFICIAL_SHALLOW_CLONE_DEPTH_1_FILTER_BLOB_NONE"
    clone_path: "upstream/Folo"
    download_date: "2026-08-23"
    snapshot_path: "upstream/Folo-snapshot"
    archive_sha256: "EA6661B150339412D665E9ECEE45A3CF7E25D0BA87B8DB3621621FED30CBE9AB"
    analysis_status: "DONE_STATIC"
    runtime_status: "NOT_ATTEMPTED_LARGE_PNPM_ELECTRON_DEPENDENCY_GATE"
  n8n:
    repository: "https://github.com/n8n-io/n8n.git"
    default_branch: "master"
    commit: "7968432083cdc2526b3b08983d84d0dc73176356"
    primary_language: "TypeScript"
    source_version: "2.36.0"
    activity_evidence: "OFFICIAL_API_PUSHED_2026-08-23"
    windows_guidance: "SOURCE_SUPPORT_PRESENT_RUNTIME_UNVERIFIED"
    license: "SUSTAINABLE_USE_1.0_WITH_ENTERPRISE_FILE_EXCLUSIONS_SOURCE_VERIFIED"
    clone_mode: "OFFICIAL_SHALLOW_CLONE_DEPTH_1_FILTER_BLOB_NONE"
    clone_path: "upstream/n8n"
    download_date: "2026-08-23"
    snapshot_path: "upstream/n8n-snapshot-usable"
    archive_sha256: "1B0ECF55F483D8F426B7AAF3E4C03501F63C4570331902483CEA3963358577D5"
    analysis_status: "DONE_STATIC"
    runtime_status: "NOT_ATTEMPTED_LARGE_NODE_NATIVE_DEPENDENCY_GATE"
presentation_forks:
  WorldMonitor:
    repository: "https://github.com/koala73/worldmonitor.git"
    release_tag: "v2.5.23"
    upstream_commit: "e51058e1765ef2f0c83ccb1d08d984bc59d23f10"
    primary_language: "TypeScript"
    license: "AGPL-3.0-only_SOURCE_VERIFIED"
    upstream_clone_path: "upstream/WorldMonitor"
    fork_path: "forks/InstantAI-WorldMonitor"
    fork_branch: "codex/instant-ai-finance"
    fork_commit: "a4b5b11b7bde888c51c958e807a54d5ad7a3f20e"
    integration_role: "LICENSE_ISOLATED_PRESENTATION_FORK_ONLY"
    runtime_status: "LIGHT_NEWS_FRONTEND_WITH_LOCAL_THUMBNAIL_CACHE_AND_CHINESE_TRANSLATION_VERIFIED"
